
Microsoft Visual Studio Solution File, Format Version 12.00
# Visual Studio 2013
VisualStudioVersion = 12.0.30723.0
MinimumVisualStudioVersion = 10.0.40219.1
Project("{2150E333-8FDC-42A3-9474-1A3956D46DE8}") = "Chapter1", "Chapter1", "{33B7B622-FE85-4D26-B0B0-BA685F360386}"
	ProjectSection(SolutionItems) = preProject
		Chapter1.fsx = Chapter1.fsx
		Chapter1.hs = Chapter1.hs
	EndProjectSection
EndProject
Project("{2150E333-8FDC-42A3-9474-1A3956D46DE8}") = "Chapter2", "Chapter2", "{6899A792-01E9-4C9C-8743-DBEB12F6304E}"
	ProjectSection(SolutionItems) = preProject
		Chapter2.hs = Chapter2.hs
	EndProjectSection
EndProject
Project("{2150E333-8FDC-42A3-9474-1A3956D46DE8}") = "Chapter3", "Chapter3", "{FF7F09EB-9285-4712-87FF-0E44399C38E3}"
	ProjectSection(SolutionItems) = preProject
		Chapter3.hs = Chapter3.hs
	EndProjectSection
EndProject
Global
	GlobalSection(SolutionProperties) = preSolution
		HideSolutionNode = FALSE
	EndGlobalSection
EndGlobal
